
Microsoft Visual Studio Solution File, Format Version 12.00
# Visual Studio Version 17
VisualStudioVersion = 17.8.34601.278
MinimumVisualStudioVersion = 10.0.40219.1
Project("{FAE04EC0-301F-11D3-BF4B-00C04F79EFBC}") = "net472", "net472\net472.csproj", "{9C12F02B-2087-482D-9094-8D73D364374D}"
EndProject
Global
	GlobalSection(SolutionConfigurationPlatforms) = preSolution
		Debug|Any CPU = Debug|Any CPU
		Release|Any CPU = Release|Any CPU
	EndGlobalSection
	GlobalSection(ProjectConfigurationPlatforms) = postSolution
		{9C12F02B-2087-482D-9094-8D73D364374D}.Debug|Any CPU.ActiveCfg = Debug|Any CPU
		{9C12F02B-2087-482D-9094-8D73D364374D}.Debug|Any CPU.Build.0 = Debug|Any CPU
		{9C12F02B-2087-482D-9094-8D73D364374D}.Release|Any CPU.ActiveCfg = Release|Any CPU
		{9C12F02B-2087-482D-9094-8D73D364374D}.Release|Any CPU.Build.0 = Release|Any CPU
	EndGlobalSection
	GlobalSection(SolutionProperties) = preSolution
		HideSolutionNode = FALSE
	EndGlobalSection
	GlobalSection(ExtensibilityGlobals) = postSolution
		SolutionGuid = {DD7C1C86-8EE6-46EE-8157-7FE1317F0AF9}
	EndGlobalSection
EndGlobal
